<?xml version="1.0" encoding="utf-8"?>
<Project ToolsVersion="4.0" xmlns="http://schemas.microsoft.com/developer/msbuild/2003">
  <ItemGroup>
    <ClCompile Include="Main.cpp" />
    <ClCompile Include="GAMIGN\Player.cpp">
      <Filter>GAMIGN</Filter>
    </ClCompile>
    <ClCompile Include="GAMIGN\SpaceGame.cpp">
      <Filter>GAMIGN</Filter>
    </ClCompile>
    <ClCompile Include="GAMIGN\Enemy.cpp">
      <Filter>GAMIGN</Filter>
    </ClCompile>
    <ClCompile Include="GAMIGN\Rocket.cpp">
      <Filter>GAMIGN</Filter>
    </ClCompile>
    <ClCompile Include="GAMIGN\gameData.cpp">
      <Filter>GAMIGN</Filter>
    </ClCompile>
    <ClCompile Include="GAMIGN\Laser.cpp">
      <Filter>GAMIGN</Filter>
    </ClCompile>
    <ClCompile Include="GamePCH.cpp" />
    <ClCompile Include="Platformer\PlatformerGame.cpp">
      <Filter>Platformer</Filter>
    </ClCompile>
  </ItemGroup>
  <ItemGroup>
    <Filter Include="GAMIGN">
      <UniqueIdentifier>{50dffc52-6cf2-429a-950f-c3834ab5bf8a}</UniqueIdentifier>
    </Filter>
    <Filter Include="Assets">
      <UniqueIdentifier>{e231b6ca-c7b2-4266-a3b9-cd64b9fea399}</UniqueIdentifier>
    </Filter>
    <Filter Include="Assets\space">
      <UniqueIdentifier>{74da3bc6-4ecd-4069-9cf6-00e08eefec6e}</UniqueIdentifier>
    </Filter>
    <Filter Include="Assets\Platformer">
      <UniqueIdentifier>{9b80185f-ca4e-487c-a80a-d01e86705df1}</UniqueIdentifier>
    </Filter>
    <Filter Include="Platformer">
      <UniqueIdentifier>{c3b4a1ab-823d-4963-a4f1-cdb95c1ddefb}</UniqueIdentifier>
    </Filter>
  </ItemGroup>
  <ItemGroup>
    <ClInclude Include="GAMIGN\Enemy.h">
      <Filter>GAMIGN</Filter>
    </ClInclude>
    <ClInclude Include="GAMIGN\SpaceGame.h">
      <Filter>GAMIGN</Filter>
    </ClInclude>
    <ClInclude Include="GAMIGN\Rocket.h">
      <Filter>GAMIGN</Filter>
    </ClInclude>
    <ClInclude Include="GAMIGN\gamedata.h">
      <Filter>GAMIGN</Filter>
    </ClInclude>
    <ClInclude Include="GAMIGN\Laser.h">
      <Filter>GAMIGN</Filter>
    </ClInclude>
    <ClInclude Include="GAMIGN\Player.h">
      <Filter>GAMIGN</Filter>
    </ClInclude>
    <ClInclude Include="GamePCH.h" />
    <ClInclude Include="Platformer\PlatformerGame.h">
      <Filter>Platformer</Filter>
    </ClInclude>
  </ItemGroup>
  <ItemGroup>
    <None Include="..\..\Build\Assets\scene.json">
      <Filter>Assets\space</Filter>
    </None>
    <None Include="..\..\..\map.json">
      <Filter>Assets\space</Filter>
    </None>
    <None Include="..\..\Build\Assets\Platformer\scenes\prototypes.json">
      <Filter>Assets\Platformer</Filter>
    </None>
    <None Include="..\..\Build\Assets\Platformer\scenes\level.json">
      <Filter>Assets\Platformer</Filter>
    </None>
  </ItemGroup>
</Project>